
Microsoft Visual Studio Solution File, Format Version 12.00
# Visual Studio Version 17
VisualStudioVersion = 17.2.32519.379
MinimumVisualStudioVersion = 10.0.40219.1
Project("{FAE04EC0-301F-11D3-BF4B-00C04F79EFBC}") = "DaoChu", "DaoChu\DaoChu.csproj", "{C678C29D-7A91-430E-B53A-6093FD7C9CDD}"
EndProject
Project("{FAE04EC0-301F-11D3-BF4B-00C04F79EFBC}") = "Dapper.Oracle", "Dapper.Oracle\Dapper.Oracle.csproj", "{C90B2D7B-F88B-472F-A878-3D51C1AD45D8}"
EndProject
Project("{FAE04EC0-301F-11D3-BF4B-00C04F79EFBC}") = "Dapper.Base", "Dapper.Base\Dapper.Base.csproj", "{E3ECDE51-6D50-40AC-8574-63139DD2E56B}"
EndProject
Global
	GlobalSection(SolutionConfigurationPlatforms) = preSolution
		Debug|Any CPU = Debug|Any CPU
		Release|Any CPU = Release|Any CPU
	EndGlobalSection
	GlobalSection(ProjectConfigurationPlatforms) = postSolution
		{C678C29D-7A91-430E-B53A-6093FD7C9CDD}.Debug|Any CPU.ActiveCfg = Debug|Any CPU
		{C678C29D-7A91-430E-B53A-6093FD7C9CDD}.Debug|Any CPU.Build.0 = Debug|Any CPU
		{C678C29D-7A91-430E-B53A-6093FD7C9CDD}.Release|Any CPU.ActiveCfg = Release|Any CPU
		{C678C29D-7A91-430E-B53A-6093FD7C9CDD}.Release|Any CPU.Build.0 = Release|Any CPU
		{C90B2D7B-F88B-472F-A878-3D51C1AD45D8}.Debug|Any CPU.ActiveCfg = Debug|Any CPU
		{C90B2D7B-F88B-472F-A878-3D51C1AD45D8}.Debug|Any CPU.Build.0 = Debug|Any CPU
		{C90B2D7B-F88B-472F-A878-3D51C1AD45D8}.Release|Any CPU.ActiveCfg = Release|Any CPU
		{C90B2D7B-F88B-472F-A878-3D51C1AD45D8}.Release|Any CPU.Build.0 = Release|Any CPU
		{E3ECDE51-6D50-40AC-8574-63139DD2E56B}.Debug|Any CPU.ActiveCfg = Debug|Any CPU
		{E3ECDE51-6D50-40AC-8574-63139DD2E56B}.Debug|Any CPU.Build.0 = Debug|Any CPU
		{E3ECDE51-6D50-40AC-8574-63139DD2E56B}.Release|Any CPU.ActiveCfg = Release|Any CPU
		{E3ECDE51-6D50-40AC-8574-63139DD2E56B}.Release|Any CPU.Build.0 = Release|Any CPU
	EndGlobalSection
	GlobalSection(SolutionProperties) = preSolution
		HideSolutionNode = FALSE
	EndGlobalSection
	GlobalSection(ExtensibilityGlobals) = postSolution
		SolutionGuid = {E5906606-AD4F-470C-819F-684E178B917C}
	EndGlobalSection
EndGlobal
